
Microsoft Visual Studio Solution File, Format Version 12.00
# Visual Studio Version 16
VisualStudioVersion = 16.0.30711.63
MinimumVisualStudioVersion = 10.0.40219.1
Project("{FAE04EC0-301F-11D3-BF4B-00C04F79EFBC}") = "Note163Backup", "Note163Backup.csproj", "{FA944799-0BFC-4FF2-8AB2-44FC664D4DC6}"
EndProject
Global
	GlobalSection(SolutionConfigurationPlatforms) = preSolution
		Debug|Any CPU = Debug|Any CPU
		Release|Any CPU = Release|Any CPU
	EndGlobalSection
	GlobalSection(ProjectConfigurationPlatforms) = postSolution
		{FA944799-0BFC-4FF2-8AB2-44FC664D4DC6}.Debug|Any CPU.ActiveCfg = Debug|Any CPU
		{FA944799-0BFC-4FF2-8AB2-44FC664D4DC6}.Debug|Any CPU.Build.0 = Debug|Any CPU
		{FA944799-0BFC-4FF2-8AB2-44FC664D4DC6}.Release|Any CPU.ActiveCfg = Release|Any CPU
		{FA944799-0BFC-4FF2-8AB2-44FC664D4DC6}.Release|Any CPU.Build.0 = Release|Any CPU
	EndGlobalSection
	GlobalSection(SolutionProperties) = preSolution
		HideSolutionNode = FALSE
	EndGlobalSection
	GlobalSection(ExtensibilityGlobals) = postSolution
		SolutionGuid = {86161627-2F0C-432D-BCAD-53AA89C200EA}
	EndGlobalSection
EndGlobal
